
Microsoft Visual Studio Solution File, Format Version 12.00
# Visual Studio 15
VisualStudioVersion = 15.0.28307.705
MinimumVisualStudioVersion = 10.0.40219.1
Project("{FAE04EC0-301F-11D3-BF4B-00C04F79EFBC}") = "Kennungsgeber", "Kennungsgeber\Kennungsgeber.csproj", "{1DC09B2A-AD9B-4166-ADEF-EE1C1698D6AE}"
EndProject
Global
	GlobalSection(SubversionScc) = preSolution
		Svn-Managed = True
		Manager = AnkhSVN - Subversion Support for Visual Studio
	EndGlobalSection
	GlobalSection(SolutionConfigurationPlatforms) = preSolution
		Debug|Any CPU = Debug|Any CPU
		Release|Any CPU = Release|Any CPU
	EndGlobalSection
	GlobalSection(ProjectConfigurationPlatforms) = postSolution
		{1DC09B2A-AD9B-4166-ADEF-EE1C1698D6AE}.Debug|Any CPU.ActiveCfg = Debug|Any CPU
		{1DC09B2A-AD9B-4166-ADEF-EE1C1698D6AE}.Debug|Any CPU.Build.0 = Debug|Any CPU
		{1DC09B2A-AD9B-4166-ADEF-EE1C1698D6AE}.Release|Any CPU.ActiveCfg = Release|Any CPU
		{1DC09B2A-AD9B-4166-ADEF-EE1C1698D6AE}.Release|Any CPU.Build.0 = Release|Any CPU
	EndGlobalSection
	GlobalSection(SolutionProperties) = preSolution
		HideSolutionNode = FALSE
	EndGlobalSection
	GlobalSection(ExtensibilityGlobals) = postSolution
		SolutionGuid = {C83C87EF-D5E1-4B20-93B4-55E594143EC4}
	EndGlobalSection
EndGlobal
